
Microsoft Visual Studio Solution File, Format Version 12.00
# Visual Studio Version 16
VisualStudioVersion = 16.0.31019.35
MinimumVisualStudioVersion = 10.0.40219.1
Project("{FAE04EC0-301F-11D3-BF4B-00C04F79EFBC}") = "WordleSolver", "WordleSolver.csproj", "{C50C4735-964A-4942-A64F-40A5EBDC081D}"
EndProject
Global
	GlobalSection(SolutionConfigurationPlatforms) = preSolution
		Debug|Any CPU = Debug|Any CPU
		Release|Any CPU = Release|Any CPU
	EndGlobalSection
	GlobalSection(ProjectConfigurationPlatforms) = postSolution
		{C50C4735-964A-4942-A64F-40A5EBDC081D}.Debug|Any CPU.ActiveCfg = Debug|Any CPU
		{C50C4735-964A-4942-A64F-40A5EBDC081D}.Debug|Any CPU.Build.0 = Debug|Any CPU
		{C50C4735-964A-4942-A64F-40A5EBDC081D}.Release|Any CPU.ActiveCfg = Release|Any CPU
		{C50C4735-964A-4942-A64F-40A5EBDC081D}.Release|Any CPU.Build.0 = Release|Any CPU
	EndGlobalSection
	GlobalSection(SolutionProperties) = preSolution
		HideSolutionNode = FALSE
	EndGlobalSection
	GlobalSection(ExtensibilityGlobals) = postSolution
		SolutionGuid = {5D69611B-245D-4338-82FE-EBED1A27D53A}
	EndGlobalSection
EndGlobal
